
Microsoft Visual Studio Solution File, Format Version 12.00
# Visual Studio Version 17
VisualStudioVersion = 17.4.33205.214
MinimumVisualStudioVersion = 10.0.40219.1
Project("{888888A0-9F3D-457C-B088-3A5042F75D52}") = "PythonLab1", "PythonLab1\PythonLab1.pyproj", "{0847229F-7484-41DC-BD0D-A4E3216109B3}"
EndProject
Global
	GlobalSection(SolutionConfigurationPlatforms) = preSolution
		Debug|Any CPU = Debug|Any CPU
		Release|Any CPU = Release|Any CPU
	EndGlobalSection
	GlobalSection(ProjectConfigurationPlatforms) = postSolution
		{0847229F-7484-41DC-BD0D-A4E3216109B3}.Debug|Any CPU.ActiveCfg = Debug|Any CPU
		{0847229F-7484-41DC-BD0D-A4E3216109B3}.Release|Any CPU.ActiveCfg = Release|Any CPU
	EndGlobalSection
	GlobalSection(SolutionProperties) = preSolution
		HideSolutionNode = FALSE
	EndGlobalSection
	GlobalSection(ExtensibilityGlobals) = postSolution
		SolutionGuid = {C5DE52D6-247B-4172-929E-22C3496F9A0D}
	EndGlobalSection
EndGlobal
